
Microsoft Visual Studio Solution File, Format Version 12.00
# Visual Studio Version 16
VisualStudioVersion = 16.0.32413.511
MinimumVisualStudioVersion = 10.0.40219.1
Project("{9A19103F-16F7-4668-BE54-9A1E7A4F7556}") = "AllBookedUp.Server", "Server\AllBookedUp.Server.csproj", "{3FA73427-151C-4364-9BA6-AE9A6EA97706}"
EndProject
Project("{9A19103F-16F7-4668-BE54-9A1E7A4F7556}") = "AllBookedUp.Client", "Client\AllBookedUp.Client.csproj", "{6CDAAF85-E769-4E48-A48C-CBCF6857BE45}"
EndProject
Project("{9A19103F-16F7-4668-BE54-9A1E7A4F7556}") = "AllBookedUp.Shared", "Shared\AllBookedUp.Shared.csproj", "{84329AB4-0CDD-417E-87AE-301CA6077675}"
EndProject
Global
	GlobalSection(SolutionConfigurationPlatforms) = preSolution
		Debug|Any CPU = Debug|Any CPU
		Release|Any CPU = Release|Any CPU
	EndGlobalSection
	GlobalSection(ProjectConfigurationPlatforms) = postSolution
		{3FA73427-151C-4364-9BA6-AE9A6EA97706}.Debug|Any CPU.ActiveCfg = Debug|Any CPU
		{3FA73427-151C-4364-9BA6-AE9A6EA97706}.Debug|Any CPU.Build.0 = Debug|Any CPU
		{3FA73427-151C-4364-9BA6-AE9A6EA97706}.Release|Any CPU.ActiveCfg = Release|Any CPU
		{3FA73427-151C-4364-9BA6-AE9A6EA97706}.Release|Any CPU.Build.0 = Release|Any CPU
		{6CDAAF85-E769-4E48-A48C-CBCF6857BE45}.Debug|Any CPU.ActiveCfg = Debug|Any CPU
		{6CDAAF85-E769-4E48-A48C-CBCF6857BE45}.Debug|Any CPU.Build.0 = Debug|Any CPU
		{6CDAAF85-E769-4E48-A48C-CBCF6857BE45}.Release|Any CPU.ActiveCfg = Release|Any CPU
		{6CDAAF85-E769-4E48-A48C-CBCF6857BE45}.Release|Any CPU.Build.0 = Release|Any CPU
		{84329AB4-0CDD-417E-87AE-301CA6077675}.Debug|Any CPU.ActiveCfg = Debug|Any CPU
		{84329AB4-0CDD-417E-87AE-301CA6077675}.Debug|Any CPU.Build.0 = Debug|Any CPU
		{84329AB4-0CDD-417E-87AE-301CA6077675}.Release|Any CPU.ActiveCfg = Release|Any CPU
		{84329AB4-0CDD-417E-87AE-301CA6077675}.Release|Any CPU.Build.0 = Release|Any CPU
	EndGlobalSection
	GlobalSection(SolutionProperties) = preSolution
		HideSolutionNode = FALSE
	EndGlobalSection
	GlobalSection(ExtensibilityGlobals) = postSolution
		SolutionGuid = {352806BC-0742-4E55-9BDC-AE553AF3E472}
	EndGlobalSection
EndGlobal
