
Microsoft Visual Studio Solution File, Format Version 12.00
# Visual Studio Version 16
VisualStudioVersion = 16.0.32228.343
MinimumVisualStudioVersion = 10.0.40219.1
Project("{9A19103F-16F7-4668-BE54-9A1E7A4F7556}") = "AllBookedUp.Server", "Server\AllBookedUp.Server.csproj", "{1726188A-E030-4C7E-BC47-66DB232A6493}"
EndProject
Project("{9A19103F-16F7-4668-BE54-9A1E7A4F7556}") = "AllBookedUp.Client", "Client\AllBookedUp.Client.csproj", "{0A52FA57-45A5-49C9-A6BF-E120B92093E2}"
EndProject
Project("{9A19103F-16F7-4668-BE54-9A1E7A4F7556}") = "AllBookedUp.Shared", "Shared\AllBookedUp.Shared.csproj", "{5D050CA0-2B18-4C60-ADD8-C1962F36763E}"
EndProject
Global
	GlobalSection(SolutionConfigurationPlatforms) = preSolution
		Debug|Any CPU = Debug|Any CPU
		Release|Any CPU = Release|Any CPU
	EndGlobalSection
	GlobalSection(ProjectConfigurationPlatforms) = postSolution
		{1726188A-E030-4C7E-BC47-66DB232A6493}.Debug|Any CPU.ActiveCfg = Debug|Any CPU
		{1726188A-E030-4C7E-BC47-66DB232A6493}.Debug|Any CPU.Build.0 = Debug|Any CPU
		{1726188A-E030-4C7E-BC47-66DB232A6493}.Release|Any CPU.ActiveCfg = Release|Any CPU
		{1726188A-E030-4C7E-BC47-66DB232A6493}.Release|Any CPU.Build.0 = Release|Any CPU
		{0A52FA57-45A5-49C9-A6BF-E120B92093E2}.Debug|Any CPU.ActiveCfg = Debug|Any CPU
		{0A52FA57-45A5-49C9-A6BF-E120B92093E2}.Debug|Any CPU.Build.0 = Debug|Any CPU
		{0A52FA57-45A5-49C9-A6BF-E120B92093E2}.Release|Any CPU.ActiveCfg = Release|Any CPU
		{0A52FA57-45A5-49C9-A6BF-E120B92093E2}.Release|Any CPU.Build.0 = Release|Any CPU
		{5D050CA0-2B18-4C60-ADD8-C1962F36763E}.Debug|Any CPU.ActiveCfg = Debug|Any CPU
		{5D050CA0-2B18-4C60-ADD8-C1962F36763E}.Debug|Any CPU.Build.0 = Debug|Any CPU
		{5D050CA0-2B18-4C60-ADD8-C1962F36763E}.Release|Any CPU.ActiveCfg = Release|Any CPU
		{5D050CA0-2B18-4C60-ADD8-C1962F36763E}.Release|Any CPU.Build.0 = Release|Any CPU
	EndGlobalSection
	GlobalSection(SolutionProperties) = preSolution
		HideSolutionNode = FALSE
	EndGlobalSection
	GlobalSection(ExtensibilityGlobals) = postSolution
		SolutionGuid = {3208A46C-8B70-4140-98C2-29E47D620145}
	EndGlobalSection
EndGlobal
